// !$*UTF8*$!
{
	archiveVersion = 1;
	classes = {
	};
	objectVersion = 56;
	objects = {

/* Begin PBXBuildFile section */
		8E2884B92A4B7315008804A8 /* MtriUfileHandle.swift in Sources */ = {isa = PBXBuildFile; fileRef = 8E2884B82A4B7315008804A8 /* MtriUfileHandle.swift */; };
		8E2F9DD92A78FC1D000BEBB2 /* FavoretList.swift in Sources */ = {isa = PBXBuildFile; fileRef = 8E2F9DD82A78FC1D000BEBB2 /* FavoretList.swift */; };
		8E4888C12A72F95200274784 /* SearchBarCollectionViewCell.swift in Sources */ = {isa = PBXBuildFile; fileRef = 8E4888C02A72F95200274784 /* SearchBarCollectionViewCell.swift */; };
		8E6007B92A8B8CE400DE930D /* Launch Screen.storyboard in Resources */ = {isa = PBXBuildFile; fileRef = 8E6007B82A8B8CE400DE930D /* Launch Screen.storyboard */; };
		8E6007BD2A8C053A00DE930D /* AnimationViewController.swift in Sources */ = {isa = PBXBuildFile; fileRef = 8E6007BC2A8C053A00DE930D /* AnimationViewController.swift */; };
		8E6FA22C2A4E09200002C782 /* CollectionViewController.swift in Sources */ = {isa = PBXBuildFile; fileRef = 8E6FA22B2A4E09200002C782 /* CollectionViewController.swift */; };
		8E6FA22E2A4E0C5D0002C782 /* CollectionViewCell.swift in Sources */ = {isa = PBXBuildFile; fileRef = 8E6FA22D2A4E0C5D0002C782 /* CollectionViewCell.swift */; };
		8E6FA2302A5051200002C782 /* CollectionViewControllerChanels.swift in Sources */ = {isa = PBXBuildFile; fileRef = 8E6FA22F2A5051200002C782 /* CollectionViewControllerChanels.swift */; };
		8E6FA2322A5051970002C782 /* CollectionViewCellChanel.swift in Sources */ = {isa = PBXBuildFile; fileRef = 8E6FA2312A5051970002C782 /* CollectionViewCellChanel.swift */; };
		8EC6A9C22A4389FF001F2F69 /* AppDelegate.swift in Sources */ = {isa = PBXBuildFile; fileRef = 8EC6A9C12A4389FF001F2F69 /* AppDelegate.swift */; };
		8EC6A9C42A4389FF001F2F69 /* SceneDelegate.swift in Sources */ = {isa = PBXBuildFile; fileRef = 8EC6A9C32A4389FF001F2F69 /* SceneDelegate.swift */; };
		8EC6A9C62A4389FF001F2F69 /* ViewController.swift in Sources */ = {isa = PBXBuildFile; fileRef = 8EC6A9C52A4389FF001F2F69 /* ViewController.swift */; };
		8EC6A9C92A4389FF001F2F69 /* Main.storyboard in Resources */ = {isa = PBXBuildFile; fileRef = 8EC6A9C72A4389FF001F2F69 /* Main.storyboard */; };
		8EC6A9CB2A438A02001F2F69 /* Assets.xcassets in Resources */ = {isa = PBXBuildFile; fileRef = 8EC6A9CA2A438A02001F2F69 /* Assets.xcassets */; };
		8EC6A9D62A48CE34001F2F69 /* Player.swift in Sources */ = {isa = PBXBuildFile; fileRef = 8EC6A9D52A48CE34001F2F69 /* Player.swift */; };
/* End PBXBuildFile section */

/* Begin PBXFileReference section */
		8E2884B82A4B7315008804A8 /* MtriUfileHandle.swift */ = {isa = PBXFileReference; lastKnownFileType = sourcecode.swift; path = MtriUfileHandle.swift; sourceTree = "<group>"; };
		8E2F9DD82A78FC1D000BEBB2 /* FavoretList.swift */ = {isa = PBXFileReference; lastKnownFileType = sourcecode.swift; path = FavoretList.swift; sourceTree = "<group>"; };
		8E4888C02A72F95200274784 /* SearchBarCollectionViewCell.swift */ = {isa = PBXFileReference; lastKnownFileType = sourcecode.swift; path = SearchBarCollectionViewCell.swift; sourceTree = "<group>"; };
		8E6007B82A8B8CE400DE930D /* Launch Screen.storyboard */ = {isa = PBXFileReference; lastKnownFileType = file.storyboard; path = "Launch Screen.storyboard"; sourceTree = "<group>"; };
		8E6007BC2A8C053A00DE930D /* AnimationViewController.swift */ = {isa = PBXFileReference; lastKnownFileType = sourcecode.swift; path = AnimationViewController.swift; sourceTree = "<group>"; };
		8E6FA22B2A4E09200002C782 /* CollectionViewController.swift */ = {isa = PBXFileReference; lastKnownFileType = sourcecode.swift; path = CollectionViewController.swift; sourceTree = "<group>"; };
		8E6FA22D2A4E0C5D0002C782 /* CollectionViewCell.swift */ = {isa = PBXFileReference; lastKnownFileType = sourcecode.swift; path = CollectionViewCell.swift; sourceTree = "<group>"; };
		8E6FA22F2A5051200002C782 /* CollectionViewControllerChanels.swift */ = {isa = PBXFileReference; lastKnownFileType = sourcecode.swift; path = CollectionViewControllerChanels.swift; sourceTree = "<group>"; };
		8E6FA2312A5051970002C782 /* CollectionViewCellChanel.swift */ = {isa = PBXFileReference; lastKnownFileType = sourcecode.swift; path = CollectionViewCellChanel.swift; sourceTree = "<group>"; };
		8EC6A9BE2A4389FF001F2F69 /* inetTVipTv.app */ = {isa = PBXFileReference; explicitFileType = wrapper.application; includeInIndex = 0; path = inetTVipTv.app; sourceTree = BUILT_PRODUCTS_DIR; };
		8EC6A9C12A4389FF001F2F69 /* AppDelegate.swift */ = {isa = PBXFileReference; lastKnownFileType = sourcecode.swift; path = AppDelegate.swift; sourceTree = "<group>"; };
		8EC6A9C32A4389FF001F2F69 /* SceneDelegate.swift */ = {isa = PBXFileReference; lastKnownFileType = sourcecode.swift; path = SceneDelegate.swift; sourceTree = "<group>"; };
		8EC6A9C52A4389FF001F2F69 /* ViewController.swift */ = {isa = PBXFileReference; lastKnownFileType = sourcecode.swift; path = ViewController.swift; sourceTree = "<group>"; };
		8EC6A9C82A4389FF001F2F69 /* Base */ = {isa = PBXFileReference; lastKnownFileType = file.storyboard; name = Base; path = Base.lproj/Main.storyboard; sourceTree = "<group>"; };
		8EC6A9CA2A438A02001F2F69 /* Assets.xcassets */ = {isa = PBXFileReference; lastKnownFileType = folder.assetcatalog; path = Assets.xcassets; sourceTree = "<group>"; };
		8EC6A9CF2A438A02001F2F69 /* Info.plist */ = {isa = PBXFileReference; lastKnownFileType = text.plist.xml; path = Info.plist; sourceTree = "<group>"; };
		8EC6A9D52A48CE34001F2F69 /* Player.swift */ = {isa = PBXFileReference; lastKnownFileType = sourcecode.swift; path = Player.swift; sourceTree = "<group>"; };
/* End PBXFileReference section */

/* Begin PBXFrameworksBuildPhase section */
		8EC6A9BB2A4389FF001F2F69 /* Frameworks */ = {
			isa = PBXFrameworksBuildPhase;
			buildActionMask = 2147483647;
			files = (
			);
			runOnlyForDeploymentPostprocessing = 0;
		};
/* End PBXFrameworksBuildPhase section */

/* Begin PBXGroup section */
		8EC6A9B52A4389FF001F2F69 = {
			isa = PBXGroup;
			children = (
				8E6007B82A8B8CE400DE930D /* Launch Screen.storyboard */,
				8EC6A9C02A4389FF001F2F69 /* inetTVipTv */,
				8EC6A9BF2A4389FF001F2F69 /* Products */,
			);
			sourceTree = "<group>";
		};
		8EC6A9BF2A4389FF001F2F69 /* Products */ = {
			isa = PBXGroup;
			children = (
				8EC6A9BE2A4389FF001F2F69 /* inetTVipTv.app */,
			);
			name = Products;
			sourceTree = "<group>";
		};
		8EC6A9C02A4389FF001F2F69 /* inetTVipTv */ = {
			isa = PBXGroup;
			children = (
				8EC6A9CA2A438A02001F2F69 /* Assets.xcassets */,
				8EC6A9C12A4389FF001F2F69 /* AppDelegate.swift */,
				8EC6A9C32A4389FF001F2F69 /* SceneDelegate.swift */,
				8EC6A9C52A4389FF001F2F69 /* ViewController.swift */,
				8E2884B82A4B7315008804A8 /* MtriUfileHandle.swift */,
				8EC6A9D52A48CE34001F2F69 /* Player.swift */,
				8EC6A9C72A4389FF001F2F69 /* Main.storyboard */,
				8EC6A9CF2A438A02001F2F69 /* Info.plist */,
				8E6FA22B2A4E09200002C782 /* CollectionViewController.swift */,
				8E6FA22D2A4E0C5D0002C782 /* CollectionViewCell.swift */,
				8E6FA22F2A5051200002C782 /* CollectionViewControllerChanels.swift */,
				8E6FA2312A5051970002C782 /* CollectionViewCellChanel.swift */,
				8E4888C02A72F95200274784 /* SearchBarCollectionViewCell.swift */,
				8E2F9DD82A78FC1D000BEBB2 /* FavoretList.swift */,
				8E6007BC2A8C053A00DE930D /* AnimationViewController.swift */,
			);
			path = inetTVipTv;
			sourceTree = "<group>";
		};
/* End PBXGroup section */

/* Begin PBXNativeTarget section */
		8EC6A9BD2A4389FF001F2F69 /* inetTVipTv */ = {
			isa = PBXNativeTarget;
			buildConfigurationList = 8EC6A9D22A438A02001F2F69 /* Build configuration list for PBXNativeTarget "inetTVipTv" */;
			buildPhases = (
				8EC6A9BA2A4389FF001F2F69 /* Sources */,
				8EC6A9BB2A4389FF001F2F69 /* Frameworks */,
				8EC6A9BC2A4389FF001F2F69 /* Resources */,
			);
			buildRules = (
			);
			dependencies = (
			);
			name = inetTVipTv;
			productName = inetTVipTv;
			productReference = 8EC6A9BE2A4389FF001F2F69 /* inetTVipTv.app */;
			productType = "com.apple.product-type.application";
		};
/* End PBXNativeTarget section */

/* Begin PBXProject section */
		8EC6A9B62A4389FF001F2F69 /* Project object */ = {
			isa = PBXProject;
			attributes = {
				BuildIndependentTargetsInParallel = 1;
				LastSwiftUpdateCheck = 1430;
				LastUpgradeCheck = 1430;
				TargetAttributes = {
					8EC6A9BD2A4389FF001F2F69 = {
						CreatedOnToolsVersion = 14.3;
					};
				};
			};
			buildConfigurationList = 8EC6A9B92A4389FF001F2F69 /* Build configuration list for PBXProject "inetTVipTv" */;
			compatibilityVersion = "Xcode 14.0";
			developmentRegion = en;
			hasScannedForEncodings = 0;
			knownRegions = (
				en,
				Base,
			);
			mainGroup = 8EC6A9B52A4389FF001F2F69;
			productRefGroup = 8EC6A9BF2A4389FF001F2F69 /* Products */;
			projectDirPath = "";
			projectRoot = "";
			targets = (
				8EC6A9BD2A4389FF001F2F69 /* inetTVipTv */,
			);
		};
/* End PBXProject section */

/* Begin PBXResourcesBuildPhase section */
		8EC6A9BC2A4389FF001F2F69 /* Resources */ = {
			isa = PBXResourcesBuildPhase;
			buildActionMask = 2147483647;
			files = (
				8EC6A9CB2A438A02001F2F69 /* Assets.xcassets in Resources */,
				8E6007B92A8B8CE400DE930D /* Launch Screen.storyboard in Resources */,
				8EC6A9C92A4389FF001F2F69 /* Main.storyboard in Resources */,
			);
			runOnlyForDeploymentPostprocessing = 0;
		};
/* End PBXResourcesBuildPhase section */

/* Begin PBXSourcesBuildPhase section */
		8EC6A9BA2A4389FF001F2F69 /* Sources */ = {
			isa = PBXSourcesBuildPhase;
			buildActionMask = 2147483647;
			files = (
				8E6FA22C2A4E09200002C782 /* CollectionViewController.swift in Sources */,
				8E6FA2302A5051200002C782 /* CollectionViewControllerChanels.swift in Sources */,
				8E2884B92A4B7315008804A8 /* MtriUfileHandle.swift in Sources */,
				8E6007BD2A8C053A00DE930D /* AnimationViewController.swift in Sources */,
				8EC6A9D62A48CE34001F2F69 /* Player.swift in Sources */,
				8E6FA22E2A4E0C5D0002C782 /* CollectionViewCell.swift in Sources */,
				8EC6A9C62A4389FF001F2F69 /* ViewController.swift in Sources */,
				8E4888C12A72F95200274784 /* SearchBarCollectionViewCell.swift in Sources */,
				8E6FA2322A5051970002C782 /* CollectionViewCellChanel.swift in Sources */,
				8EC6A9C22A4389FF001F2F69 /* AppDelegate.swift in Sources */,
				8E2F9DD92A78FC1D000BEBB2 /* FavoretList.swift in Sources */,
				8EC6A9C42A4389FF001F2F69 /* SceneDelegate.swift in Sources */,
			);
			runOnlyForDeploymentPostprocessing = 0;
		};
/* End PBXSourcesBuildPhase section */

/* Begin PBXVariantGroup section */
		8EC6A9C72A4389FF001F2F69 /* Main.storyboard */ = {
			isa = PBXVariantGroup;
			children = (
				8EC6A9C82A4389FF001F2F69 /* Base */,
			);
			name = Main.storyboard;
			sourceTree = "<group>";
		};
/* End PBXVariantGroup section */

/* Begin XCBuildConfiguration section */
		8EC6A9D02A438A02001F2F69 /* Debug */ = {
			isa = XCBuildConfiguration;
			buildSettings = {
				ALWAYS_SEARCH_USER_PATHS = NO;
				CLANG_ANALYZER_NONNULL = YES;
				CLANG_ANALYZER_NUMBER_OBJECT_CONVERSION = YES_AGGRESSIVE;
				CLANG_CXX_LANGUAGE_STANDARD = "gnu++20";
				CLANG_ENABLE_MODULES = YES;
				CLANG_ENABLE_OBJC_ARC = YES;
				CLANG_ENABLE_OBJC_WEAK = YES;
				CLANG_WARN_BLOCK_CAPTURE_AUTORELEASING = YES;
				CLANG_WARN_BOOL_CONVERSION = YES;
				CLANG_WARN_COMMA = YES;
				CLANG_WARN_CONSTANT_CONVERSION = YES;
				CLANG_WARN_DEPRECATED_OBJC_IMPLEMENTATIONS = YES;
				CLANG_WARN_DIRECT_OBJC_ISA_USAGE = YES_ERROR;
				CLANG_WARN_DOCUMENTATION_COMMENTS = YES;
				CLANG_WARN_EMPTY_BODY = YES;
				CLANG_WARN_ENUM_CONVERSION = YES;
				CLANG_WARN_INFINITE_RECURSION = YES;
				CLANG_WARN_INT_CONVERSION = YES;
				CLANG_WARN_NON_LITERAL_NULL_CONVERSION = YES;
				CLANG_WARN_OBJC_IMPLICIT_RETAIN_SELF = YES;
				CLANG_WARN_OBJC_LITERAL_CONVERSION = YES;
				CLANG_WARN_OBJC_ROOT_CLASS = YES_ERROR;
				CLANG_WARN_QUOTED_INCLUDE_IN_FRAMEWORK_HEADER = YES;
				CLANG_WARN_RANGE_LOOP_ANALYSIS = YES;
				CLANG_WARN_STRICT_PROTOTYPES = YES;
				CLANG_WARN_SUSPICIOUS_MOVE = YES;
				CLANG_WARN_UNGUARDED_AVAILABILITY = YES_AGGRESSIVE;
				CLANG_WARN_UNREACHABLE_CODE = YES;
				CLANG_WARN__DUPLICATE_METHOD_MATCH = YES;
				COPY_PHASE_STRIP = NO;
				DEBUG_INFORMATION_FORMAT = dwarf;
				ENABLE_STRICT_OBJC_MSGSEND = YES;
				ENABLE_TESTABILITY = YES;
				GCC_C_LANGUAGE_STANDARD = gnu11;
				GCC_DYNAMIC_NO_PIC = NO;
				GCC_NO_COMMON_BLOCKS = YES;
				GCC_OPTIMIZATION_LEVEL = 0;
				GCC_PREPROCESSOR_DEFINITIONS = (
					"DEBUG=1",
					"$(inherited)",
				);
				GCC_WARN_64_TO_32_BIT_CONVERSION = YES;
				GCC_WARN_ABOUT_RETURN_TYPE = YES_ERROR;
				GCC_WARN_UNDECLARED_SELECTOR = YES;
				GCC_WARN_UNINITIALIZED_AUTOS = YES_AGGRESSIVE;
				GCC_WARN_UNUSED_FUNCTION = YES;
				GCC_WARN_UNUSED_VARIABLE = YES;
				IPHONEOS_DEPLOYMENT_TARGET = 16.4;
				MTL_ENABLE_DEBUG_INFO = INCLUDE_SOURCE;
				MTL_FAST_MATH = YES;
				ONLY_ACTIVE_ARCH = YES;
				SDKROOT = iphoneos;
				SWIFT_ACTIVE_COMPILATION_CONDITIONS = DEBUG;
				SWIFT_OPTIMIZATION_LEVEL = "-Onone";
			};
			name = Debug;
		};
		8EC6A9D12A438A02001F2F69 /* Release */ = {
			isa = XCBuildConfiguration;
			buildSettings = {
				ALWAYS_SEARCH_USER_PATHS = NO;
				CLANG_ANALYZER_NONNULL = YES;
				CLANG_ANALYZER_NUMBER_OBJECT_CONVERSION = YES_AGGRESSIVE;
				CLANG_CXX_LANGUAGE_STANDARD = "gnu++20";
				CLANG_ENABLE_MODULES = YES;
				CLANG_ENABLE_OBJC_ARC = YES;
				CLANG_ENABLE_OBJC_WEAK = YES;
				CLANG_WARN_BLOCK_CAPTURE_AUTORELEASING = YES;
				CLANG_WARN_BOOL_CONVERSION = YES;
				CLANG_WARN_COMMA = YES;
				CLANG_WARN_CONSTANT_CONVERSION = YES;
				CLANG_WARN_DEPRECATED_OBJC_IMPLEMENTATIONS = YES;
				CLANG_WARN_DIRECT_OBJC_ISA_USAGE = YES_ERROR;
				CLANG_WARN_DOCUMENTATION_COMMENTS = YES;
				CLANG_WARN_EMPTY_BODY = YES;
				CLANG_WARN_ENUM_CONVERSION = YES;
				CLANG_WARN_INFINITE_RECURSION = YES;
				CLANG_WARN_INT_CONVERSION = YES;
				CLANG_WARN_NON_LITERAL_NULL_CONVERSION = YES;
				CLANG_WARN_OBJC_IMPLICIT_RETAIN_SELF = YES;
				CLANG_WARN_OBJC_LITERAL_CONVERSION = YES;
				CLANG_WARN_OBJC_ROOT_CLASS = YES_ERROR;
				CLANG_WARN_QUOTED_INCLUDE_IN_FRAMEWORK_HEADER = YES;
				CLANG_WARN_RANGE_LOOP_ANALYSIS = YES;
				CLANG_WARN_STRICT_PROTOTYPES = YES;
				CLANG_WARN_SUSPICIOUS_MOVE = YES;
				CLANG_WARN_UNGUARDED_AVAILABILITY = YES_AGGRESSIVE;
				CLANG_WARN_UNREACHABLE_CODE = YES;
				CLANG_WARN__DUPLICATE_METHOD_MATCH = YES;
				COPY_PHASE_STRIP = NO;
				DEBUG_INFORMATION_FORMAT = "dwarf-with-dsym";
				ENABLE_NS_ASSERTIONS = NO;
				ENABLE_STRICT_OBJC_MSGSEND = YES;
				GCC_C_LANGUAGE_STANDARD = gnu11;
				GCC_NO_COMMON_BLOCKS = YES;
				GCC_WARN_64_TO_32_BIT_CONVERSION = YES;
				GCC_WARN_ABOUT_RETURN_TYPE = YES_ERROR;
				GCC_WARN_UNDECLARED_SELECTOR = YES;
				GCC_WARN_UNINITIALIZED_AUTOS = YES_AGGRESSIVE;
				GCC_WARN_UNUSED_FUNCTION = YES;
				GCC_WARN_UNUSED_VARIABLE = YES;
				IPHONEOS_DEPLOYMENT_TARGET = 16.4;
				MTL_ENABLE_DEBUG_INFO = NO;
				MTL_FAST_MATH = YES;
				SDKROOT = iphoneos;
				SWIFT_COMPILATION_MODE = wholemodule;
				SWIFT_OPTIMIZATION_LEVEL = "-O";
				VALIDATE_PRODUCT = YES;
			};
			name = Release;
		};
		8EC6A9D32A438A02001F2F69 /* Debug */ = {
			isa = XCBuildConfiguration;
			buildSettings = {
				ASSETCATALOG_COMPILER_APPICON_NAME = AppIcon;
				ASSETCATALOG_COMPILER_GLOBAL_ACCENT_COLOR_NAME = AccentColor;
				ASSETCATALOG_COMPILER_INCLUDE_ALL_APPICON_ASSETS = NO;
				CODE_SIGN_STYLE = Automatic;
				CURRENT_PROJECT_VERSION = 1;
				DEVELOPMENT_TEAM = 4QZ63UZQL2;
				GENERATE_INFOPLIST_FILE = YES;
				INFOPLIST_FILE = inetTVipTv/Info.plist;
				INFOPLIST_KEY_CFBundleDisplayName = ipTV;
				INFOPLIST_KEY_LSApplicationCategoryType = "public.app-category.video";
				INFOPLIST_KEY_NSHumanReadableCopyright = "";
				INFOPLIST_KEY_UIApplicationSupportsIndirectInputEvents = YES;
				INFOPLIST_KEY_UILaunchStoryboardName = "Launch Screen";
				INFOPLIST_KEY_UIMainStoryboardFile = Main;
				INFOPLIST_KEY_UIRequiresFullScreen = YES;
				INFOPLIST_KEY_UIStatusBarStyle = "";
				INFOPLIST_KEY_UISupportedInterfaceOrientations_iPad = "UIInterfaceOrientationPortrait UIInterfaceOrientationPortraitUpsideDown UIInterfaceOrientationLandscapeLeft UIInterfaceOrientationLandscapeRight";
				INFOPLIST_KEY_UISupportedInterfaceOrientations_iPhone = "UIInterfaceOrientationPortrait UIInterfaceOrientationLandscapeLeft UIInterfaceOrientationLandscapeRight";
				LD_RUNPATH_SEARCH_PATHS = (
					"$(inherited)",
					"@executable_path/Frameworks",
				);
				MARKETING_VERSION = 1.0;
				PRODUCT_BUNDLE_IDENTIFIER = Pumpkin.inetTVipTv;
				PRODUCT_NAME = "$(TARGET_NAME)";
				SWIFT_EMIT_LOC_STRINGS = YES;
				SWIFT_VERSION = 5.0;
				TARGETED_DEVICE_FAMILY = "1,2";
			};
			name = Debug;
		};
		8EC6A9D42A438A02001F2F69 /* Release */ = {
			isa = XCBuildConfiguration;
			buildSettings = {
				ASSETCATALOG_COMPILER_APPICON_NAME = AppIcon;
				ASSETCATALOG_COMPILER_GLOBAL_ACCENT_COLOR_NAME = AccentColor;
				ASSETCATALOG_COMPILER_INCLUDE_ALL_APPICON_ASSETS = NO;
				CODE_SIGN_STYLE = Automatic;
				CURRENT_PROJECT_VERSION = 1;
				DEVELOPMENT_TEAM = 4QZ63UZQL2;
				GENERATE_INFOPLIST_FILE = YES;
				INFOPLIST_FILE = inetTVipTv/Info.plist;
				INFOPLIST_KEY_CFBundleDisplayName = ipTV;
				INFOPLIST_KEY_LSApplicationCategoryType = "public.app-category.video";
				INFOPLIST_KEY_NSHumanReadableCopyright = "";
				INFOPLIST_KEY_UIApplicationSupportsIndirectInputEvents = YES;
				INFOPLIST_KEY_UILaunchStoryboardName = "Launch Screen";
				INFOPLIST_KEY_UIMainStoryboardFile = Main;
				INFOPLIST_KEY_UIRequiresFullScreen = YES;
				INFOPLIST_KEY_UIStatusBarStyle = "";
				INFOPLIST_KEY_UISupportedInterfaceOrientations_iPad = "UIInterfaceOrientationPortrait UIInterfaceOrientationPortraitUpsideDown UIInterfaceOrientationLandscapeLeft UIInterfaceOrientationLandscapeRight";
				INFOPLIST_KEY_UISupportedInterfaceOrientations_iPhone = "UIInterfaceOrientationPortrait UIInterfaceOrientationLandscapeLeft UIInterfaceOrientationLandscapeRight";
				LD_RUNPATH_SEARCH_PATHS = (
					"$(inherited)",
					"@executable_path/Frameworks",
				);
				MARKETING_VERSION = 1.0;
				PRODUCT_BUNDLE_IDENTIFIER = Pumpkin.inetTVipTv;
				PRODUCT_NAME = "$(TARGET_NAME)";
				SWIFT_EMIT_LOC_STRINGS = YES;
				SWIFT_VERSION = 5.0;
				TARGETED_DEVICE_FAMILY = "1,2";
			};
			name = Release;
		};
/* End XCBuildConfiguration section */

/* Begin XCConfigurationList section */
		8EC6A9B92A4389FF001F2F69 /* Build configuration list for PBXProject "inetTVipTv" */ = {
			isa = XCConfigurationList;
			buildConfigurations = (
				8EC6A9D02A438A02001F2F69 /* Debug */,
				8EC6A9D12A438A02001F2F69 /* Release */,
			);
			defaultConfigurationIsVisible = 0;
			defaultConfigurationName = Release;
		};
		8EC6A9D22A438A02001F2F69 /* Build configuration list for PBXNativeTarget "inetTVipTv" */ = {
			isa = XCConfigurationList;
			buildConfigurations = (
				8EC6A9D32A438A02001F2F69 /* Debug */,
				8EC6A9D42A438A02001F2F69 /* Release */,
			);
			defaultConfigurationIsVisible = 0;
			defaultConfigurationName = Release;
		};
/* End XCConfigurationList section */
	};
	rootObject = 8EC6A9B62A4389FF001F2F69 /* Project object */;
}
